Microsoft Visual Studio Solution File, Format Version 12.00
# Visual Studio Version 17
VisualStudioVersion = 17.5.2.0
MinimumVisualStudioVersion = 10.0.40219.1
Project("{2150E333-8FDC-42A3-9474-1A3956D46DE8}") = "gt-chat", "gt-chat", "{4F640723-FAA6-D5CF-6635-8372C5D37DD7}"
EndProject
Project("{FAE04EC0-301F-11D3-BF4B-00C04F79EFBC}") = "server", "gt-chat\server\server.csproj", "{C342AB13-5FAD-1A6D-6C0B-D0A22BACE968}"
EndProject
Global
	GlobalSection(SolutionConfigurationPlatforms) = preSolution
		Debug|Any CPU = Debug|Any CPU
		Release|Any CPU = Release|Any CPU
	EndGlobalSection
	GlobalSection(ProjectConfigurationPlatforms) = postSolution
		{C342AB13-5FAD-1A6D-6C0B-D0A22BACE968}.Debug|Any CPU.ActiveCfg = Debug|Any CPU
		{C342AB13-5FAD-1A6D-6C0B-D0A22BACE968}.Debug|Any CPU.Build.0 = Debug|Any CPU
		{C342AB13-5FAD-1A6D-6C0B-D0A22BACE968}.Release|Any CPU.ActiveCfg = Release|Any CPU
		{C342AB13-5FAD-1A6D-6C0B-D0A22BACE968}.Release|Any CPU.Build.0 = Release|Any CPU
	EndGlobalSection
	GlobalSection(SolutionProperties) = preSolution
		HideSolutionNode = FALSE
	EndGlobalSection
	GlobalSection(NestedProjects) = preSolution
		{C342AB13-5FAD-1A6D-6C0B-D0A22BACE968} = {4F640723-FAA6-D5CF-6635-8372C5D37DD7}
	EndGlobalSection
	GlobalSection(ExtensibilityGlobals) = postSolution
		SolutionGuid = {7EBC8232-3D6A-4E4F-A7E4-913515F822F4}
	EndGlobalSection
EndGlobal
